
Microsoft Visual Studio Solution File, Format Version 12.00
# Visual Studio Version 17
VisualStudioVersion = 17.2.32526.322
MinimumVisualStudioVersion = 10.0.40219.1
Project("{9A19103F-16F7-4668-BE54-9A1E7A4F7556}") = "ShapesAdvanced", "ShapesAdvanced\ShapesAdvanced.csproj", "{73A7D854-0551-4B6E-8AAA-E69BF1DEB90F}"
EndProject
Project("{9A19103F-16F7-4668-BE54-9A1E7A4F7556}") = "UnitTests", "UnitTests\UnitTests.csproj", "{505EA58D-5784-4B72-A264-D9690E8CD207}"
EndProject
Global
	GlobalSection(SolutionConfigurationPlatforms) = preSolution
		Debug|Any CPU = Debug|Any CPU
		Release|Any CPU = Release|Any CPU
	EndGlobalSection
	GlobalSection(ProjectConfigurationPlatforms) = postSolution
		{73A7D854-0551-4B6E-8AAA-E69BF1DEB90F}.Debug|Any CPU.ActiveCfg = Debug|Any CPU
		{73A7D854-0551-4B6E-8AAA-E69BF1DEB90F}.Debug|Any CPU.Build.0 = Debug|Any CPU
		{73A7D854-0551-4B6E-8AAA-E69BF1DEB90F}.Release|Any CPU.ActiveCfg = Release|Any CPU
		{73A7D854-0551-4B6E-8AAA-E69BF1DEB90F}.Release|Any CPU.Build.0 = Release|Any CPU
		{505EA58D-5784-4B72-A264-D9690E8CD207}.Debug|Any CPU.ActiveCfg = Debug|Any CPU
		{505EA58D-5784-4B72-A264-D9690E8CD207}.Debug|Any CPU.Build.0 = Debug|Any CPU
		{505EA58D-5784-4B72-A264-D9690E8CD207}.Release|Any CPU.ActiveCfg = Release|Any CPU
		{505EA58D-5784-4B72-A264-D9690E8CD207}.Release|Any CPU.Build.0 = Release|Any CPU
	EndGlobalSection
	GlobalSection(SolutionProperties) = preSolution
		HideSolutionNode = FALSE
	EndGlobalSection
	GlobalSection(ExtensibilityGlobals) = postSolution
		SolutionGuid = {5B43FEB7-9CF2-4487-9A79-9D223859EEEE}
	EndGlobalSection
EndGlobal
